
Microsoft Visual Studio Solution File, Format Version 12.00
# Visual Studio Version 17
VisualStudioVersion = 17.0.32901.226
MinimumVisualStudioVersion = 10.0.40219.1
Project("{9A19103F-16F7-4668-BE54-9A1E7A4F7556}") = "Tenant", "DotNet\Tenant\Tenant.csproj", "{3CCEE0E2-48DA-4661-A338-8F8FB5B276E8}"
EndProject
Project("{9A19103F-16F7-4668-BE54-9A1E7A4F7556}") = "Shared", "DotNet\Shared\Shared.csproj", "{825F5115-0848-46D8-B083-91A5BD4DA112}"
EndProject
Project("{E53339B2-1760-4266-BCC7-CA923CBCF16C}") = "docker-compose", "docker-compose.dcproj", "{0FE36D9C-71D5-440F-B676-2A158E9D596D}"
EndProject
Project("{9A19103F-16F7-4668-BE54-9A1E7A4F7556}") = "Normalization", "DotNet\Normalization\Normalization.csproj", "{B5CD878C-5BF4-4792-AC60-B37904FDD744}"
EndProject
Project("{9A19103F-16F7-4668-BE54-9A1E7A4F7556}") = "Report", "DotNet\Report\Report.csproj", "{5E7D78A2-307A-4322-981F-7F3E8FFE7F86}"
EndProject
Project("{9A19103F-16F7-4668-BE54-9A1E7A4F7556}") = "DataAcquisition", "DotNet\DataAcquisition\DataAcquisition.csproj", "{4630539F-43B5-4E83-A279-29BBAA627856}"
EndProject
Project("{2150E333-8FDC-42A3-9474-1A3956D46DE8}") = "Solution Items", "Solution Items", "{7B9C3B51-E3D9-4C44-9472-8F5D3D79D617}"
	ProjectSection(SolutionItems) = preProject
		.editorconfig = .editorconfig
		README.md = README.md
	EndProjectSection
EndProject
Project("{9A19103F-16F7-4668-BE54-9A1E7A4F7556}") = "Audit", "DotNet\Audit\Audit.csproj", "{4C933C22-D465-41EF-B790-00E7F9098963}"
EndProject
Project("{9A19103F-16F7-4668-BE54-9A1E7A4F7556}") = "Census", "DotNet\Census\Census.csproj", "{6837CD67-C54A-4A8C-9E4B-B27FA1A83E5C}"
EndProject
Project("{9A19103F-16F7-4668-BE54-9A1E7A4F7556}") = "CensusTests", "DotNet\CensusTests\CensusTests.csproj", "{E979101D-7BFF-4CE1-90C3-585BC1C7D411}"
EndProject
Project("{9A19103F-16F7-4668-BE54-9A1E7A4F7556}") = "Account", "DotNet\Account\Account.csproj", "{909EAA22-CDB0-49A4-824B-3D759EEAF318}"
EndProject
Project("{9A19103F-16F7-4668-BE54-9A1E7A4F7556}") = "AuditTests", "DotNet\AuditTests\AuditTests.csproj", "{BFAF3F61-CEDC-4671-AEA3-5147440720B3}"
EndProject
Project("{9A19103F-16F7-4668-BE54-9A1E7A4F7556}") = "QueryDispatch", "DotNet\QueryDispatch\QueryDispatch.csproj", "{DC424202-1A59-436D-9849-A13925298109}"
EndProject
Project("{9A19103F-16F7-4668-BE54-9A1E7A4F7556}") = "Submission", "DotNet\Submission\Submission.csproj", "{CD9F987F-E553-4050-AC48-C32B55D75C3F}"
EndProject
Project("{9A19103F-16F7-4668-BE54-9A1E7A4F7556}") = "TenantTests", "DotNet\TenantTests\TenantTests.csproj", "{6ED37EE6-D5D5-4545-882C-B014ECE8885F}"
EndProject
Project("{9A19103F-16F7-4668-BE54-9A1E7A4F7556}") = "AccountTests", "DotNet\AccountTests\AccountTests.csproj", "{A8C016D5-71C0-4D19-977D-0E3CF9C6639A}"
EndProject
Project("{9A19103F-16F7-4668-BE54-9A1E7A4F7556}") = "DataAcquisitionTests", "DotNet\DataAcquisitionTests\DataAcquisitionTests.csproj", "{3F2C8633-1699-4AC8-ABBE-A3A8C13D547B}"
EndProject
Project("{9A19103F-16F7-4668-BE54-9A1E7A4F7556}") = "QueryDispatchTests", "DotNet\QueryDispatchTests\QueryDispatchTests.csproj", "{2BDBC25C-ADA0-4482-94A3-2B300910185B}"
EndProject
Project("{9A19103F-16F7-4668-BE54-9A1E7A4F7556}") = "Link.Authorization", "DotNet\Link.Authorization\Link.Authorization.csproj", "{80D1E498-95DB-43E3-8444-55C762CEEDF3}"
EndProject
Project("{9A19103F-16F7-4668-BE54-9A1E7A4F7556}") = "NormalizationTests", "DotNet\NormalizationTests\NormalizationTests.csproj", "{538B399B-72CF-4160-A385-FCF0BAEC8FA4}"
EndProject
Project("{2150E333-8FDC-42A3-9474-1A3956D46DE8}") = "Gateway", "Gateway", "{37C302AB-8C98-4CC8-828E-0647AF098586}"
EndProject
Project("{9A19103F-16F7-4668-BE54-9A1E7A4F7556}") = "Admin.BFF", "DotNet\Admin.BFF\Admin.BFF.csproj", "{C4070261-D248-4CA5-A532-6AAA71AACC35}"
EndProject
Project("{2150E333-8FDC-42A3-9474-1A3956D46DE8}") = "Web", "Web", "{C98B4989-1078-4632-BC7D-9CE52A40B360}"
EndProject
Project("{54A90642-561A-4BB1-A94E-469ADEE60C69}") = "Admin.UI", "Web\Admin.UI\Admin.UI.esproj", "{472A561B-EF7F-467E-96ED-1FB130E43292}"
EndProject
Project("{9A19103F-16F7-4668-BE54-9A1E7A4F7556}") = "DataAcquisition.Domain", "DotNet\DataAcquisition.Domain\DataAcquisition.Domain.csproj", "{CEBB1A00-0629-4791-A2A3-35FC05D00F0B}"
EndProject
Project("{9A19103F-16F7-4668-BE54-9A1E7A4F7556}") = "ReportTests", "DotNet\ReportTests\ReportTests.csproj", "{A0ED93DF-7502-4D26-87A4-1E09C3420C33}"
EndProject
Project("{9A19103F-16F7-4668-BE54-9A1E7A4F7556}") = "SubmissionTests", "DotNet\SubmissionTests\SubmissionTests.csproj", "{8EA05322-2C58-4781-A0C2-6F1FC58FD2FB}"
EndProject
Project("{2150E333-8FDC-42A3-9474-1A3956D46DE8}") = "AzurePipelines", "AzurePipelines", "{D88CD83D-09AC-4632-8066-4D7C36817749}"
	ProjectSection(SolutionItems) = preProject
		Azure_Pipelines\azure-pipelines.account.cd.yaml = Azure_Pipelines\azure-pipelines.account.cd.yaml
		Azure_Pipelines\azure-pipelines.account.ci.yaml = Azure_Pipelines\azure-pipelines.account.ci.yaml
		Azure_Pipelines\azure-pipelines.admin-bff.cd.yaml = Azure_Pipelines\azure-pipelines.admin-bff.cd.yaml
		Azure_Pipelines\azure-pipelines.admin-bff.ci.yaml = Azure_Pipelines\azure-pipelines.admin-bff.ci.yaml
		Azure_Pipelines\azure-pipelines.admin-ui.cd.yaml = Azure_Pipelines\azure-pipelines.admin-ui.cd.yaml
		Azure_Pipelines\azure-pipelines.admin-ui.ci.yaml = Azure_Pipelines\azure-pipelines.admin-ui.ci.yaml
		Azure_Pipelines\azure-pipelines.audit.cd.yaml = Azure_Pipelines\azure-pipelines.audit.cd.yaml
		Azure_Pipelines\azure-pipelines.audit.ci.yaml = Azure_Pipelines\azure-pipelines.audit.ci.yaml
		Azure_Pipelines\azure-pipelines.census.cd.yaml = Azure_Pipelines\azure-pipelines.census.cd.yaml
		Azure_Pipelines\azure-pipelines.census.ci.yaml = Azure_Pipelines\azure-pipelines.census.ci.yaml
		Azure_Pipelines\azure-pipelines.dataacquisition.cd.yaml = Azure_Pipelines\azure-pipelines.dataacquisition.cd.yaml
		Azure_Pipelines\azure-pipelines.dataacquisition.ci.yaml = Azure_Pipelines\azure-pipelines.dataacquisition.ci.yaml
		Azure_Pipelines\azure-pipelines.db-schema-creation.yaml = Azure_Pipelines\azure-pipelines.db-schema-creation.yaml
		Azure_Pipelines\azure-pipelines.measureeval.cd.yaml = Azure_Pipelines\azure-pipelines.measureeval.cd.yaml
		Azure_Pipelines\azure-pipelines.measureeval.ci.yaml = Azure_Pipelines\azure-pipelines.measureeval.ci.yaml
		Azure_Pipelines\azure-pipelines.normalization.cd.yaml = Azure_Pipelines\azure-pipelines.normalization.cd.yaml
		Azure_Pipelines\azure-pipelines.normalization.ci.yaml = Azure_Pipelines\azure-pipelines.normalization.ci.yaml
		Azure_Pipelines\azure-pipelines.notification.cd.yaml = Azure_Pipelines\azure-pipelines.notification.cd.yaml
		Azure_Pipelines\azure-pipelines.notification.ci.yaml = Azure_Pipelines\azure-pipelines.notification.ci.yaml
		Azure_Pipelines\azure-pipelines.patientlist.cd.yaml = Azure_Pipelines\azure-pipelines.patientlist.cd.yaml
		Azure_Pipelines\azure-pipelines.patientstoquery.cd.yaml = Azure_Pipelines\azure-pipelines.patientstoquery.cd.yaml
		Azure_Pipelines\azure-pipelines.querydispatch.cd.yaml = Azure_Pipelines\azure-pipelines.querydispatch.cd.yaml
		Azure_Pipelines\azure-pipelines.querydispatch.ci.yaml = Azure_Pipelines\azure-pipelines.querydispatch.ci.yaml
		Azure_Pipelines\azure-pipelines.report.cd.yaml = Azure_Pipelines\azure-pipelines.report.cd.yaml
		Azure_Pipelines\azure-pipelines.report.ci.yaml = Azure_Pipelines\azure-pipelines.report.ci.yaml
		Azure_Pipelines\azure-pipelines.shared.cd.yml = Azure_Pipelines\azure-pipelines.shared.cd.yml
		Azure_Pipelines\azure-pipelines.submission.cd.yaml = Azure_Pipelines\azure-pipelines.submission.cd.yaml
		Azure_Pipelines\azure-pipelines.submission.ci.yaml = Azure_Pipelines\azure-pipelines.submission.ci.yaml
		Azure_Pipelines\azure-pipelines.tenant.cd.yaml = Azure_Pipelines\azure-pipelines.tenant.cd.yaml
		Azure_Pipelines\azure-pipelines.tenant.ci.yaml = Azure_Pipelines\azure-pipelines.tenant.ci.yaml
		Azure_Pipelines\azure-pipelines.validation.cd.yaml = Azure_Pipelines\azure-pipelines.validation.cd.yaml
		Azure_Pipelines\azure-pipelines.validation.ci.yaml = Azure_Pipelines\azure-pipelines.validation.ci.yaml
		Azure_Pipelines\azure-pipelines.web.cd.yaml = Azure_Pipelines\azure-pipelines.web.cd.yaml
		Azure_Pipelines\deploy_all_services.yaml = Azure_Pipelines\deploy_all_services.yaml
		Azure_Pipelines\deploy_tags_all.yml = Azure_Pipelines\deploy_tags_all.yml
	EndProjectSection
EndProject
Project("{2150E333-8FDC-42A3-9474-1A3956D46DE8}") = "GitHub", "GitHub", "{0BA1C290-3881-4224-B231-BBC64740D229}"
EndProject
Project("{2150E333-8FDC-42A3-9474-1A3956D46DE8}") = "Actions", "Actions", "{E7B2013B-29DF-4736-9B16-CB5655C0AB26}"
	ProjectSection(SolutionItems) = preProject
		.github\workflows\autocomment-on-pr-shared.yaml = .github\workflows\autocomment-on-pr-shared.yaml
		.github\workflows\pr-title-check.yml = .github\workflows\pr-title-check.yml
		.github\workflows\smoke-test.yaml = .github\workflows\smoke-test.yaml
	EndProjectSection
EndProject
Project("{2150E333-8FDC-42A3-9474-1A3956D46DE8}") = "Docker", "Docker", "{1A8B2E16-CB84-4A0E-8016-7BEBA68A0906}"
	ProjectSection(SolutionItems) = preProject
		.env = .env
		create-dbs.sql = create-dbs.sql
		kafka-client.properties = kafka-client.properties
	EndProjectSection
EndProject
Project("{9A19103F-16F7-4668-BE54-9A1E7A4F7556}") = "BackendE2ETests", "Tests\BackendE2ETests\BackendE2ETests.csproj", "{2F7CB3EA-297A-4240-AB54-874EA5A75FD3}"
EndProject
Project("{2150E333-8FDC-42A3-9474-1A3956D46DE8}") = "Tests", "Tests", "{554985B2-5CA6-49D3-8F07-08080C4EACEA}"
EndProject
Project("{9A19103F-16F7-4668-BE54-9A1E7A4F7556}") = "SharedTests", "DotNet\SharedTests\SharedTests.csproj", "{B409C886-429B-4DF2-9F32-00347FDAF99B}"
EndProject
Global
	GlobalSection(SolutionConfigurationPlatforms) = preSolution
		Debug|Any CPU = Debug|Any CPU
		Release|Any CPU = Release|Any CPU
	EndGlobalSection
	GlobalSection(ProjectConfigurationPlatforms) = postSolution
		{3CCEE0E2-48DA-4661-A338-8F8FB5B276E8}.Debug|Any CPU.ActiveCfg = Debug|Any CPU
		{3CCEE0E2-48DA-4661-A338-8F8FB5B276E8}.Debug|Any CPU.Build.0 = Debug|Any CPU
		{3CCEE0E2-48DA-4661-A338-8F8FB5B276E8}.Release|Any CPU.ActiveCfg = Release|Any CPU
		{3CCEE0E2-48DA-4661-A338-8F8FB5B276E8}.Release|Any CPU.Build.0 = Release|Any CPU
		{825F5115-0848-46D8-B083-91A5BD4DA112}.Debug|Any CPU.ActiveCfg = Debug|Any CPU
		{825F5115-0848-46D8-B083-91A5BD4DA112}.Debug|Any CPU.Build.0 = Debug|Any CPU
		{825F5115-0848-46D8-B083-91A5BD4DA112}.Release|Any CPU.ActiveCfg = Release|Any CPU
		{825F5115-0848-46D8-B083-91A5BD4DA112}.Release|Any CPU.Build.0 = Release|Any CPU
		{0FE36D9C-71D5-440F-B676-2A158E9D596D}.Debug|Any CPU.ActiveCfg = Debug|Any CPU
		{0FE36D9C-71D5-440F-B676-2A158E9D596D}.Debug|Any CPU.Build.0 = Debug|Any CPU
		{0FE36D9C-71D5-440F-B676-2A158E9D596D}.Release|Any CPU.ActiveCfg = Debug|Any CPU
		{0FE36D9C-71D5-440F-B676-2A158E9D596D}.Release|Any CPU.Build.0 = Debug|Any CPU
		{B5CD878C-5BF4-4792-AC60-B37904FDD744}.Debug|Any CPU.ActiveCfg = Debug|Any CPU
		{B5CD878C-5BF4-4792-AC60-B37904FDD744}.Debug|Any CPU.Build.0 = Debug|Any CPU
		{B5CD878C-5BF4-4792-AC60-B37904FDD744}.Release|Any CPU.ActiveCfg = Release|Any CPU
		{B5CD878C-5BF4-4792-AC60-B37904FDD744}.Release|Any CPU.Build.0 = Release|Any CPU
		{5E7D78A2-307A-4322-981F-7F3E8FFE7F86}.Debug|Any CPU.ActiveCfg = Debug|Any CPU
		{5E7D78A2-307A-4322-981F-7F3E8FFE7F86}.Debug|Any CPU.Build.0 = Debug|Any CPU
		{5E7D78A2-307A-4322-981F-7F3E8FFE7F86}.Release|Any CPU.ActiveCfg = Release|Any CPU
		{5E7D78A2-307A-4322-981F-7F3E8FFE7F86}.Release|Any CPU.Build.0 = Release|Any CPU
		{4630539F-43B5-4E83-A279-29BBAA627856}.Debug|Any CPU.ActiveCfg = Debug|Any CPU
		{4630539F-43B5-4E83-A279-29BBAA627856}.Debug|Any CPU.Build.0 = Debug|Any CPU
		{4630539F-43B5-4E83-A279-29BBAA627856}.Release|Any CPU.ActiveCfg = Release|Any CPU
		{4630539F-43B5-4E83-A279-29BBAA627856}.Release|Any CPU.Build.0 = Release|Any CPU
		{4C933C22-D465-41EF-B790-00E7F9098963}.Debug|Any CPU.ActiveCfg = Debug|Any CPU
		{4C933C22-D465-41EF-B790-00E7F9098963}.Debug|Any CPU.Build.0 = Debug|Any CPU
		{4C933C22-D465-41EF-B790-00E7F9098963}.Release|Any CPU.ActiveCfg = Release|Any CPU
		{4C933C22-D465-41EF-B790-00E7F9098963}.Release|Any CPU.Build.0 = Release|Any CPU
		{6837CD67-C54A-4A8C-9E4B-B27FA1A83E5C}.Debug|Any CPU.ActiveCfg = Debug|Any CPU
		{6837CD67-C54A-4A8C-9E4B-B27FA1A83E5C}.Debug|Any CPU.Build.0 = Debug|Any CPU
		{6837CD67-C54A-4A8C-9E4B-B27FA1A83E5C}.Release|Any CPU.ActiveCfg = Release|Any CPU
		{6837CD67-C54A-4A8C-9E4B-B27FA1A83E5C}.Release|Any CPU.Build.0 = Release|Any CPU
		{E979101D-7BFF-4CE1-90C3-585BC1C7D411}.Debug|Any CPU.ActiveCfg = Debug|Any CPU
		{E979101D-7BFF-4CE1-90C3-585BC1C7D411}.Debug|Any CPU.Build.0 = Debug|Any CPU
		{E979101D-7BFF-4CE1-90C3-585BC1C7D411}.Release|Any CPU.ActiveCfg = Release|Any CPU
		{E979101D-7BFF-4CE1-90C3-585BC1C7D411}.Release|Any CPU.Build.0 = Release|Any CPU
		{909EAA22-CDB0-49A4-824B-3D759EEAF318}.Debug|Any CPU.ActiveCfg = Debug|Any CPU
		{909EAA22-CDB0-49A4-824B-3D759EEAF318}.Debug|Any CPU.Build.0 = Debug|Any CPU
		{909EAA22-CDB0-49A4-824B-3D759EEAF318}.Release|Any CPU.ActiveCfg = Release|Any CPU
		{909EAA22-CDB0-49A4-824B-3D759EEAF318}.Release|Any CPU.Build.0 = Release|Any CPU
		{BFAF3F61-CEDC-4671-AEA3-5147440720B3}.Debug|Any CPU.ActiveCfg = Debug|Any CPU
		{BFAF3F61-CEDC-4671-AEA3-5147440720B3}.Debug|Any CPU.Build.0 = Debug|Any CPU
		{BFAF3F61-CEDC-4671-AEA3-5147440720B3}.Release|Any CPU.ActiveCfg = Release|Any CPU
		{BFAF3F61-CEDC-4671-AEA3-5147440720B3}.Release|Any CPU.Build.0 = Release|Any CPU
		{DC424202-1A59-436D-9849-A13925298109}.Debug|Any CPU.ActiveCfg = Debug|Any CPU
		{DC424202-1A59-436D-9849-A13925298109}.Debug|Any CPU.Build.0 = Debug|Any CPU
		{DC424202-1A59-436D-9849-A13925298109}.Release|Any CPU.ActiveCfg = Release|Any CPU
		{DC424202-1A59-436D-9849-A13925298109}.Release|Any CPU.Build.0 = Release|Any CPU
		{CD9F987F-E553-4050-AC48-C32B55D75C3F}.Debug|Any CPU.ActiveCfg = Debug|Any CPU
		{CD9F987F-E553-4050-AC48-C32B55D75C3F}.Debug|Any CPU.Build.0 = Debug|Any CPU
		{CD9F987F-E553-4050-AC48-C32B55D75C3F}.Release|Any CPU.ActiveCfg = Release|Any CPU
		{CD9F987F-E553-4050-AC48-C32B55D75C3F}.Release|Any CPU.Build.0 = Release|Any CPU
		{6ED37EE6-D5D5-4545-882C-B014ECE8885F}.Debug|Any CPU.ActiveCfg = Debug|Any CPU
		{6ED37EE6-D5D5-4545-882C-B014ECE8885F}.Debug|Any CPU.Build.0 = Debug|Any CPU
		{6ED37EE6-D5D5-4545-882C-B014ECE8885F}.Release|Any CPU.ActiveCfg = Release|Any CPU
		{6ED37EE6-D5D5-4545-882C-B014ECE8885F}.Release|Any CPU.Build.0 = Release|Any CPU
		{A8C016D5-71C0-4D19-977D-0E3CF9C6639A}.Debug|Any CPU.ActiveCfg = Debug|Any CPU
		{A8C016D5-71C0-4D19-977D-0E3CF9C6639A}.Debug|Any CPU.Build.0 = Debug|Any CPU
		{A8C016D5-71C0-4D19-977D-0E3CF9C6639A}.Release|Any CPU.ActiveCfg = Release|Any CPU
		{A8C016D5-71C0-4D19-977D-0E3CF9C6639A}.Release|Any CPU.Build.0 = Release|Any CPU
		{3F2C8633-1699-4AC8-ABBE-A3A8C13D547B}.Debug|Any CPU.ActiveCfg = Debug|Any CPU
		{3F2C8633-1699-4AC8-ABBE-A3A8C13D547B}.Debug|Any CPU.Build.0 = Debug|Any CPU
		{3F2C8633-1699-4AC8-ABBE-A3A8C13D547B}.Release|Any CPU.ActiveCfg = Release|Any CPU
		{3F2C8633-1699-4AC8-ABBE-A3A8C13D547B}.Release|Any CPU.Build.0 = Release|Any CPU
		{2BDBC25C-ADA0-4482-94A3-2B300910185B}.Debug|Any CPU.ActiveCfg = Debug|Any CPU
		{2BDBC25C-ADA0-4482-94A3-2B300910185B}.Debug|Any CPU.Build.0 = Debug|Any CPU
		{2BDBC25C-ADA0-4482-94A3-2B300910185B}.Release|Any CPU.ActiveCfg = Release|Any CPU
		{2BDBC25C-ADA0-4482-94A3-2B300910185B}.Release|Any CPU.Build.0 = Release|Any CPU
		{80D1E498-95DB-43E3-8444-55C762CEEDF3}.Debug|Any CPU.ActiveCfg = Debug|Any CPU
		{80D1E498-95DB-43E3-8444-55C762CEEDF3}.Debug|Any CPU.Build.0 = Debug|Any CPU
		{80D1E498-95DB-43E3-8444-55C762CEEDF3}.Release|Any CPU.ActiveCfg = Release|Any CPU
		{80D1E498-95DB-43E3-8444-55C762CEEDF3}.Release|Any CPU.Build.0 = Release|Any CPU
		{538B399B-72CF-4160-A385-FCF0BAEC8FA4}.Debug|Any CPU.ActiveCfg = Debug|Any CPU
		{538B399B-72CF-4160-A385-FCF0BAEC8FA4}.Debug|Any CPU.Build.0 = Debug|Any CPU
		{538B399B-72CF-4160-A385-FCF0BAEC8FA4}.Release|Any CPU.ActiveCfg = Release|Any CPU
		{538B399B-72CF-4160-A385-FCF0BAEC8FA4}.Release|Any CPU.Build.0 = Release|Any CPU
		{C4070261-D248-4CA5-A532-6AAA71AACC35}.Debug|Any CPU.ActiveCfg = Debug|Any CPU
		{C4070261-D248-4CA5-A532-6AAA71AACC35}.Debug|Any CPU.Build.0 = Debug|Any CPU
		{C4070261-D248-4CA5-A532-6AAA71AACC35}.Release|Any CPU.ActiveCfg = Release|Any CPU
		{C4070261-D248-4CA5-A532-6AAA71AACC35}.Release|Any CPU.Build.0 = Release|Any CPU
		{472A561B-EF7F-467E-96ED-1FB130E43292}.Debug|Any CPU.ActiveCfg = Debug|Any CPU
		{472A561B-EF7F-467E-96ED-1FB130E43292}.Debug|Any CPU.Build.0 = Debug|Any CPU
		{472A561B-EF7F-467E-96ED-1FB130E43292}.Debug|Any CPU.Deploy.0 = Debug|Any CPU
		{472A561B-EF7F-467E-96ED-1FB130E43292}.Release|Any CPU.ActiveCfg = Release|Any CPU
		{472A561B-EF7F-467E-96ED-1FB130E43292}.Release|Any CPU.Build.0 = Release|Any CPU
		{472A561B-EF7F-467E-96ED-1FB130E43292}.Release|Any CPU.Deploy.0 = Release|Any CPU
		{CEBB1A00-0629-4791-A2A3-35FC05D00F0B}.Debug|Any CPU.ActiveCfg = Debug|Any CPU
		{CEBB1A00-0629-4791-A2A3-35FC05D00F0B}.Debug|Any CPU.Build.0 = Debug|Any CPU
		{CEBB1A00-0629-4791-A2A3-35FC05D00F0B}.Release|Any CPU.ActiveCfg = Release|Any CPU
		{CEBB1A00-0629-4791-A2A3-35FC05D00F0B}.Release|Any CPU.Build.0 = Release|Any CPU
		{A0ED93DF-7502-4D26-87A4-1E09C3420C33}.Debug|Any CPU.ActiveCfg = Debug|Any CPU
		{A0ED93DF-7502-4D26-87A4-1E09C3420C33}.Debug|Any CPU.Build.0 = Debug|Any CPU
		{A0ED93DF-7502-4D26-87A4-1E09C3420C33}.Release|Any CPU.ActiveCfg = Release|Any CPU
		{A0ED93DF-7502-4D26-87A4-1E09C3420C33}.Release|Any CPU.Build.0 = Release|Any CPU
		{8EA05322-2C58-4781-A0C2-6F1FC58FD2FB}.Debug|Any CPU.ActiveCfg = Debug|Any CPU
		{8EA05322-2C58-4781-A0C2-6F1FC58FD2FB}.Debug|Any CPU.Build.0 = Debug|Any CPU
		{8EA05322-2C58-4781-A0C2-6F1FC58FD2FB}.Release|Any CPU.ActiveCfg = Release|Any CPU
		{8EA05322-2C58-4781-A0C2-6F1FC58FD2FB}.Release|Any CPU.Build.0 = Release|Any CPU
		{2F7CB3EA-297A-4240-AB54-874EA5A75FD3}.Debug|Any CPU.ActiveCfg = Debug|Any CPU
		{2F7CB3EA-297A-4240-AB54-874EA5A75FD3}.Debug|Any CPU.Build.0 = Debug|Any CPU
		{2F7CB3EA-297A-4240-AB54-874EA5A75FD3}.Release|Any CPU.ActiveCfg = Release|Any CPU
		{2F7CB3EA-297A-4240-AB54-874EA5A75FD3}.Release|Any CPU.Build.0 = Release|Any CPU
		{B409C886-429B-4DF2-9F32-00347FDAF99B}.Debug|Any CPU.ActiveCfg = Debug|Any CPU
		{B409C886-429B-4DF2-9F32-00347FDAF99B}.Debug|Any CPU.Build.0 = Debug|Any CPU
		{B409C886-429B-4DF2-9F32-00347FDAF99B}.Release|Any CPU.ActiveCfg = Release|Any CPU
		{B409C886-429B-4DF2-9F32-00347FDAF99B}.Release|Any CPU.Build.0 = Release|Any CPU
	EndGlobalSection
	GlobalSection(SolutionProperties) = preSolution
		HideSolutionNode = FALSE
	EndGlobalSection
	GlobalSection(NestedProjects) = preSolution
		{E979101D-7BFF-4CE1-90C3-585BC1C7D411} = {554985B2-5CA6-49D3-8F07-08080C4EACEA}
		{BFAF3F61-CEDC-4671-AEA3-5147440720B3} = {554985B2-5CA6-49D3-8F07-08080C4EACEA}
		{6ED37EE6-D5D5-4545-882C-B014ECE8885F} = {554985B2-5CA6-49D3-8F07-08080C4EACEA}
		{A8C016D5-71C0-4D19-977D-0E3CF9C6639A} = {554985B2-5CA6-49D3-8F07-08080C4EACEA}
		{3F2C8633-1699-4AC8-ABBE-A3A8C13D547B} = {554985B2-5CA6-49D3-8F07-08080C4EACEA}
		{2BDBC25C-ADA0-4482-94A3-2B300910185B} = {554985B2-5CA6-49D3-8F07-08080C4EACEA}
		{538B399B-72CF-4160-A385-FCF0BAEC8FA4} = {554985B2-5CA6-49D3-8F07-08080C4EACEA}
		{C4070261-D248-4CA5-A532-6AAA71AACC35} = {37C302AB-8C98-4CC8-828E-0647AF098586}
		{472A561B-EF7F-467E-96ED-1FB130E43292} = {C98B4989-1078-4632-BC7D-9CE52A40B360}
		{A0ED93DF-7502-4D26-87A4-1E09C3420C33} = {554985B2-5CA6-49D3-8F07-08080C4EACEA}
		{8EA05322-2C58-4781-A0C2-6F1FC58FD2FB} = {554985B2-5CA6-49D3-8F07-08080C4EACEA}
		{E7B2013B-29DF-4736-9B16-CB5655C0AB26} = {0BA1C290-3881-4224-B231-BBC64740D229}
		{2F7CB3EA-297A-4240-AB54-874EA5A75FD3} = {554985B2-5CA6-49D3-8F07-08080C4EACEA}
		{B409C886-429B-4DF2-9F32-00347FDAF99B} = {554985B2-5CA6-49D3-8F07-08080C4EACEA}
	EndGlobalSection
	GlobalSection(ExtensibilityGlobals) = postSolution
		SolutionGuid = {E56BCCFA-9A01-455E-ABCF-6C044786FF55}
	EndGlobalSection
EndGlobal
