
Microsoft Visual Studio Solution File, Format Version 12.00
# Visual Studio Version 17
VisualStudioVersion = 17.0.32901.226
MinimumVisualStudioVersion = 10.0.40219.1
Project("{9A19103F-16F7-4668-BE54-9A1E7A4F7556}") = "Tenant", "DotNet\Tenant\Tenant.csproj", "{3CCEE0E2-48DA-4661-A338-8F8FB5B276E8}"
EndProject
Project("{9A19103F-16F7-4668-BE54-9A1E7A4F7556}") = "Shared", "DotNet\Shared\Shared.csproj", "{825F5115-0848-46D8-B083-91A5BD4DA112}"
EndProject
Project("{E53339B2-1760-4266-BCC7-CA923CBCF16C}") = "docker-compose", "docker-compose.dcproj", "{0FE36D9C-71D5-440F-B676-2A158E9D596D}"
EndProject
Project("{9A19103F-16F7-4668-BE54-9A1E7A4F7556}") = "Normalization", "DotNet\Normalization\Normalization.csproj", "{B5CD878C-5BF4-4792-AC60-B37904FDD744}"
EndProject
Project("{9A19103F-16F7-4668-BE54-9A1E7A4F7556}") = "Report", "DotNet\Report\Report.csproj", "{5E7D78A2-307A-4322-981F-7F3E8FFE7F86}"
EndProject
Project("{9A19103F-16F7-4668-BE54-9A1E7A4F7556}") = "DataAcquisition", "DotNet\DataAcquisition\DataAcquisition.csproj", "{4630539F-43B5-4E83-A279-29BBAA627856}"
EndProject
Project("{2150E333-8FDC-42A3-9474-1A3956D46DE8}") = "Solution Items", "Solution Items", "{7B9C3B51-E3D9-4C44-9472-8F5D3D79D617}"
	ProjectSection(SolutionItems) = preProject
		.editorconfig = .editorconfig
		README.md = README.md
		topics.txt = topics.txt
	EndProjectSection
EndProject
Project("{9A19103F-16F7-4668-BE54-9A1E7A4F7556}") = "Audit", "DotNet\Audit\Audit.csproj", "{4C933C22-D465-41EF-B790-00E7F9098963}"
EndProject
Project("{9A19103F-16F7-4668-BE54-9A1E7A4F7556}") = "Census", "DotNet\Census\Census.csproj", "{6837CD67-C54A-4A8C-9E4B-B27FA1A83E5C}"
EndProject
Project("{9A19103F-16F7-4668-BE54-9A1E7A4F7556}") = "Account", "DotNet\Account\Account.csproj", "{909EAA22-CDB0-49A4-824B-3D759EEAF318}"
EndProject
Project("{9A19103F-16F7-4668-BE54-9A1E7A4F7556}") = "QueryDispatch", "DotNet\QueryDispatch\QueryDispatch.csproj", "{DC424202-1A59-436D-9849-A13925298109}"
EndProject
Project("{9A19103F-16F7-4668-BE54-9A1E7A4F7556}") = "Submission", "DotNet\Submission\Submission.csproj", "{CD9F987F-E553-4050-AC48-C32B55D75C3F}"
EndProject
Project("{9A19103F-16F7-4668-BE54-9A1E7A4F7556}") = "QueryDispatchTests", "DotNet\QueryDispatchTests\QueryDispatchTests.csproj", "{2BDBC25C-ADA0-4482-94A3-2B300910185B}"
EndProject
Project("{9A19103F-16F7-4668-BE54-9A1E7A4F7556}") = "Link.Authorization", "DotNet\Link.Authorization\Link.Authorization.csproj", "{80D1E498-95DB-43E3-8444-55C762CEEDF3}"
EndProject
Project("{2150E333-8FDC-42A3-9474-1A3956D46DE8}") = "Gateway", "Gateway", "{37C302AB-8C98-4CC8-828E-0647AF098586}"
EndProject
Project("{9A19103F-16F7-4668-BE54-9A1E7A4F7556}") = "Admin.BFF", "DotNet\Admin.BFF\Admin.BFF.csproj", "{C4070261-D248-4CA5-A532-6AAA71AACC35}"
EndProject
Project("{2150E333-8FDC-42A3-9474-1A3956D46DE8}") = "Web", "Web", "{C98B4989-1078-4632-BC7D-9CE52A40B360}"
EndProject
Project("{54A90642-561A-4BB1-A94E-469ADEE60C69}") = "Admin.UI", "Web\Admin.UI\Admin.UI.esproj", "{472A561B-EF7F-467E-96ED-1FB130E43292}"
EndProject
Project("{9A19103F-16F7-4668-BE54-9A1E7A4F7556}") = "DataAcquisition.Domain", "DotNet\DataAcquisition.Domain\DataAcquisition.Domain.csproj", "{CEBB1A00-0629-4791-A2A3-35FC05D00F0B}"
EndProject
Project("{2150E333-8FDC-42A3-9474-1A3956D46DE8}") = "AzurePipelines", "AzurePipelines", "{D88CD83D-09AC-4632-8066-4D7C36817749}"
	ProjectSection(SolutionItems) = preProject
		Azure_Pipelines\azure-pipelines.account.cd.yaml = Azure_Pipelines\azure-pipelines.account.cd.yaml
		Azure_Pipelines\azure-pipelines.account.ci.yaml = Azure_Pipelines\azure-pipelines.account.ci.yaml
		Azure_Pipelines\azure-pipelines.admin-bff.cd.yaml = Azure_Pipelines\azure-pipelines.admin-bff.cd.yaml
		Azure_Pipelines\azure-pipelines.admin-bff.ci.yaml = Azure_Pipelines\azure-pipelines.admin-bff.ci.yaml
		Azure_Pipelines\azure-pipelines.admin-ui.cd.yaml = Azure_Pipelines\azure-pipelines.admin-ui.cd.yaml
		Azure_Pipelines\azure-pipelines.admin-ui.ci.yaml = Azure_Pipelines\azure-pipelines.admin-ui.ci.yaml
		Azure_Pipelines\azure-pipelines.audit.cd.yaml = Azure_Pipelines\azure-pipelines.audit.cd.yaml
		Azure_Pipelines\azure-pipelines.audit.ci.yaml = Azure_Pipelines\azure-pipelines.audit.ci.yaml
		Azure_Pipelines\azure-pipelines.census.cd.yaml = Azure_Pipelines\azure-pipelines.census.cd.yaml
		Azure_Pipelines\azure-pipelines.census.ci.yaml = Azure_Pipelines\azure-pipelines.census.ci.yaml
		Azure_Pipelines\azure-pipelines.dataacquisition.cd.yaml = Azure_Pipelines\azure-pipelines.dataacquisition.cd.yaml
		Azure_Pipelines\azure-pipelines.dataacquisition.ci.yaml = Azure_Pipelines\azure-pipelines.dataacquisition.ci.yaml
		Azure_Pipelines\azure-pipelines.db-schema-creation.yaml = Azure_Pipelines\azure-pipelines.db-schema-creation.yaml
		Azure_Pipelines\azure-pipelines.measureeval.cd.yaml = Azure_Pipelines\azure-pipelines.measureeval.cd.yaml
		Azure_Pipelines\azure-pipelines.measureeval.ci.yaml = Azure_Pipelines\azure-pipelines.measureeval.ci.yaml
		Azure_Pipelines\azure-pipelines.normalization.cd.yaml = Azure_Pipelines\azure-pipelines.normalization.cd.yaml
		Azure_Pipelines\azure-pipelines.normalization.ci.yaml = Azure_Pipelines\azure-pipelines.normalization.ci.yaml
		Azure_Pipelines\azure-pipelines.notification.cd.yaml = Azure_Pipelines\azure-pipelines.notification.cd.yaml
		Azure_Pipelines\azure-pipelines.notification.ci.yaml = Azure_Pipelines\azure-pipelines.notification.ci.yaml
		Azure_Pipelines\azure-pipelines.patientlist.cd.yaml = Azure_Pipelines\azure-pipelines.patientlist.cd.yaml
		Azure_Pipelines\azure-pipelines.patientstoquery.cd.yaml = Azure_Pipelines\azure-pipelines.patientstoquery.cd.yaml
		Azure_Pipelines\azure-pipelines.querydispatch.cd.yaml = Azure_Pipelines\azure-pipelines.querydispatch.cd.yaml
		Azure_Pipelines\azure-pipelines.querydispatch.ci.yaml = Azure_Pipelines\azure-pipelines.querydispatch.ci.yaml
		Azure_Pipelines\azure-pipelines.report.cd.yaml = Azure_Pipelines\azure-pipelines.report.cd.yaml
		Azure_Pipelines\azure-pipelines.report.ci.yaml = Azure_Pipelines\azure-pipelines.report.ci.yaml
		Azure_Pipelines\azure-pipelines.shared.cd.yml = Azure_Pipelines\azure-pipelines.shared.cd.yml
		Azure_Pipelines\azure-pipelines.shared.ci.yml = Azure_Pipelines\azure-pipelines.shared.ci.yml
		Azure_Pipelines\azure-pipelines.submission.cd.yaml = Azure_Pipelines\azure-pipelines.submission.cd.yaml
		Azure_Pipelines\azure-pipelines.submission.ci.yaml = Azure_Pipelines\azure-pipelines.submission.ci.yaml
		Azure_Pipelines\azure-pipelines.tenant.cd.yaml = Azure_Pipelines\azure-pipelines.tenant.cd.yaml
		Azure_Pipelines\azure-pipelines.tenant.ci.yaml = Azure_Pipelines\azure-pipelines.tenant.ci.yaml
		Azure_Pipelines\azure-pipelines.validation.cd.yaml = Azure_Pipelines\azure-pipelines.validation.cd.yaml
		Azure_Pipelines\azure-pipelines.validation.ci.yaml = Azure_Pipelines\azure-pipelines.validation.ci.yaml
		Azure_Pipelines\azure-pipelines.web.cd.yaml = Azure_Pipelines\azure-pipelines.web.cd.yaml
		Azure_Pipelines\deploy_all_services.yaml = Azure_Pipelines\deploy_all_services.yaml
		Azure_Pipelines\deploy_tags_all.yml = Azure_Pipelines\deploy_tags_all.yml
	EndProjectSection
EndProject
Project("{2150E333-8FDC-42A3-9474-1A3956D46DE8}") = "Docker", "Docker", "{1A8B2E16-CB84-4A0E-8016-7BEBA68A0906}"
EndProject
Project("{2150E333-8FDC-42A3-9474-1A3956D46DE8}") = "Tests", "Tests", "{554985B2-5CA6-49D3-8F07-08080C4EACEA}"
EndProject
Project("{9A19103F-16F7-4668-BE54-9A1E7A4F7556}") = "ServiceTests", "DotNet\ServiceTests\ServiceTests.csproj", "{F25C619A-50DC-4A67-9406-F8A2DB07AA22}"
EndProject
Project("{9A19103F-16F7-4668-BE54-9A1E7A4F7556}") = "DataAcquisition.AcquisitionWorker", "DotNet\DataAcquisition.AcquisitionWorker\DataAcquisition.AcquisitionWorker.csproj", "{FDCF876C-112F-48E4-A33F-13A4C1AED4BF}"
EndProject
Project("{FAE04EC0-301F-11D3-BF4B-00C04F79EFBC}") = "DataAcquisitionTests", "DotNet\DataAcquisitionTests\DataAcquisitionTests.csproj", "{2C221433-A8A0-3414-58DC-701892FAB3C2}"
EndProject
Project("{FAE04EC0-301F-11D3-BF4B-00C04F79EFBC}") = "BackendE2ETests", "Tests\BackendE2ETests\BackendE2ETests.csproj", "{E34B41C5-3093-05C2-C945-BCB49AC34E7F}"
EndProject
Global
	GlobalSection(SolutionConfigurationPlatforms) = preSolution
		Debug|Any CPU = Debug|Any CPU
		Release|Any CPU = Release|Any CPU
	EndGlobalSection
	GlobalSection(ProjectConfigurationPlatforms) = postSolution
		{3CCEE0E2-48DA-4661-A338-8F8FB5B276E8}.Debug|Any CPU.ActiveCfg = Debug|Any CPU
		{3CCEE0E2-48DA-4661-A338-8F8FB5B276E8}.Debug|Any CPU.Build.0 = Debug|Any CPU
		{3CCEE0E2-48DA-4661-A338-8F8FB5B276E8}.Release|Any CPU.ActiveCfg = Release|Any CPU
		{3CCEE0E2-48DA-4661-A338-8F8FB5B276E8}.Release|Any CPU.Build.0 = Release|Any CPU
		{825F5115-0848-46D8-B083-91A5BD4DA112}.Debug|Any CPU.ActiveCfg = Debug|Any CPU
		{825F5115-0848-46D8-B083-91A5BD4DA112}.Debug|Any CPU.Build.0 = Debug|Any CPU
		{825F5115-0848-46D8-B083-91A5BD4DA112}.Release|Any CPU.ActiveCfg = Release|Any CPU
		{825F5115-0848-46D8-B083-91A5BD4DA112}.Release|Any CPU.Build.0 = Release|Any CPU
		{0FE36D9C-71D5-440F-B676-2A158E9D596D}.Debug|Any CPU.ActiveCfg = Debug|Any CPU
		{0FE36D9C-71D5-440F-B676-2A158E9D596D}.Debug|Any CPU.Build.0 = Debug|Any CPU
		{0FE36D9C-71D5-440F-B676-2A158E9D596D}.Release|Any CPU.ActiveCfg = Debug|Any CPU
		{0FE36D9C-71D5-440F-B676-2A158E9D596D}.Release|Any CPU.Build.0 = Debug|Any CPU
		{B5CD878C-5BF4-4792-AC60-B37904FDD744}.Debug|Any CPU.ActiveCfg = Debug|Any CPU
		{B5CD878C-5BF4-4792-AC60-B37904FDD744}.Debug|Any CPU.Build.0 = Debug|Any CPU
		{B5CD878C-5BF4-4792-AC60-B37904FDD744}.Release|Any CPU.ActiveCfg = Release|Any CPU
		{B5CD878C-5BF4-4792-AC60-B37904FDD744}.Release|Any CPU.Build.0 = Release|Any CPU
		{5E7D78A2-307A-4322-981F-7F3E8FFE7F86}.Debug|Any CPU.ActiveCfg = Debug|Any CPU
		{5E7D78A2-307A-4322-981F-7F3E8FFE7F86}.Debug|Any CPU.Build.0 = Debug|Any CPU
		{5E7D78A2-307A-4322-981F-7F3E8FFE7F86}.Release|Any CPU.ActiveCfg = Release|Any CPU
		{5E7D78A2-307A-4322-981F-7F3E8FFE7F86}.Release|Any CPU.Build.0 = Release|Any CPU
		{4630539F-43B5-4E83-A279-29BBAA627856}.Debug|Any CPU.ActiveCfg = Debug|Any CPU
		{4630539F-43B5-4E83-A279-29BBAA627856}.Debug|Any CPU.Build.0 = Debug|Any CPU
		{4630539F-43B5-4E83-A279-29BBAA627856}.Release|Any CPU.ActiveCfg = Release|Any CPU
		{4630539F-43B5-4E83-A279-29BBAA627856}.Release|Any CPU.Build.0 = Release|Any CPU
		{4C933C22-D465-41EF-B790-00E7F9098963}.Debug|Any CPU.ActiveCfg = Debug|Any CPU
		{4C933C22-D465-41EF-B790-00E7F9098963}.Debug|Any CPU.Build.0 = Debug|Any CPU
		{4C933C22-D465-41EF-B790-00E7F9098963}.Release|Any CPU.ActiveCfg = Release|Any CPU
		{4C933C22-D465-41EF-B790-00E7F9098963}.Release|Any CPU.Build.0 = Release|Any CPU
		{6837CD67-C54A-4A8C-9E4B-B27FA1A83E5C}.Debug|Any CPU.ActiveCfg = Debug|Any CPU
		{6837CD67-C54A-4A8C-9E4B-B27FA1A83E5C}.Debug|Any CPU.Build.0 = Debug|Any CPU
		{6837CD67-C54A-4A8C-9E4B-B27FA1A83E5C}.Release|Any CPU.ActiveCfg = Release|Any CPU
		{6837CD67-C54A-4A8C-9E4B-B27FA1A83E5C}.Release|Any CPU.Build.0 = Release|Any CPU
		{909EAA22-CDB0-49A4-824B-3D759EEAF318}.Debug|Any CPU.ActiveCfg = Debug|Any CPU
		{909EAA22-CDB0-49A4-824B-3D759EEAF318}.Debug|Any CPU.Build.0 = Debug|Any CPU
		{909EAA22-CDB0-49A4-824B-3D759EEAF318}.Release|Any CPU.ActiveCfg = Release|Any CPU
		{909EAA22-CDB0-49A4-824B-3D759EEAF318}.Release|Any CPU.Build.0 = Release|Any CPU
		{DC424202-1A59-436D-9849-A13925298109}.Debug|Any CPU.ActiveCfg = Debug|Any CPU
		{DC424202-1A59-436D-9849-A13925298109}.Debug|Any CPU.Build.0 = Debug|Any CPU
		{DC424202-1A59-436D-9849-A13925298109}.Release|Any CPU.ActiveCfg = Release|Any CPU
		{DC424202-1A59-436D-9849-A13925298109}.Release|Any CPU.Build.0 = Release|Any CPU
		{CD9F987F-E553-4050-AC48-C32B55D75C3F}.Debug|Any CPU.ActiveCfg = Debug|Any CPU
		{CD9F987F-E553-4050-AC48-C32B55D75C3F}.Debug|Any CPU.Build.0 = Debug|Any CPU
		{CD9F987F-E553-4050-AC48-C32B55D75C3F}.Release|Any CPU.ActiveCfg = Release|Any CPU
		{CD9F987F-E553-4050-AC48-C32B55D75C3F}.Release|Any CPU.Build.0 = Release|Any CPU
		{2BDBC25C-ADA0-4482-94A3-2B300910185B}.Debug|Any CPU.ActiveCfg = Debug|Any CPU
		{2BDBC25C-ADA0-4482-94A3-2B300910185B}.Debug|Any CPU.Build.0 = Debug|Any CPU
		{2BDBC25C-ADA0-4482-94A3-2B300910185B}.Release|Any CPU.ActiveCfg = Release|Any CPU
		{2BDBC25C-ADA0-4482-94A3-2B300910185B}.Release|Any CPU.Build.0 = Release|Any CPU
		{80D1E498-95DB-43E3-8444-55C762CEEDF3}.Debug|Any CPU.ActiveCfg = Debug|Any CPU
		{80D1E498-95DB-43E3-8444-55C762CEEDF3}.Debug|Any CPU.Build.0 = Debug|Any CPU
		{80D1E498-95DB-43E3-8444-55C762CEEDF3}.Release|Any CPU.ActiveCfg = Release|Any CPU
		{80D1E498-95DB-43E3-8444-55C762CEEDF3}.Release|Any CPU.Build.0 = Release|Any CPU
		{C4070261-D248-4CA5-A532-6AAA71AACC35}.Debug|Any CPU.ActiveCfg = Debug|Any CPU
		{C4070261-D248-4CA5-A532-6AAA71AACC35}.Debug|Any CPU.Build.0 = Debug|Any CPU
		{C4070261-D248-4CA5-A532-6AAA71AACC35}.Release|Any CPU.ActiveCfg = Release|Any CPU
		{C4070261-D248-4CA5-A532-6AAA71AACC35}.Release|Any CPU.Build.0 = Release|Any CPU
		{472A561B-EF7F-467E-96ED-1FB130E43292}.Debug|Any CPU.ActiveCfg = Debug|Any CPU
		{472A561B-EF7F-467E-96ED-1FB130E43292}.Debug|Any CPU.Build.0 = Debug|Any CPU
		{472A561B-EF7F-467E-96ED-1FB130E43292}.Debug|Any CPU.Deploy.0 = Debug|Any CPU
		{472A561B-EF7F-467E-96ED-1FB130E43292}.Release|Any CPU.ActiveCfg = Release|Any CPU
		{472A561B-EF7F-467E-96ED-1FB130E43292}.Release|Any CPU.Build.0 = Release|Any CPU
		{472A561B-EF7F-467E-96ED-1FB130E43292}.Release|Any CPU.Deploy.0 = Release|Any CPU
		{CEBB1A00-0629-4791-A2A3-35FC05D00F0B}.Debug|Any CPU.ActiveCfg = Debug|Any CPU
		{CEBB1A00-0629-4791-A2A3-35FC05D00F0B}.Debug|Any CPU.Build.0 = Debug|Any CPU
		{CEBB1A00-0629-4791-A2A3-35FC05D00F0B}.Release|Any CPU.ActiveCfg = Release|Any CPU
		{CEBB1A00-0629-4791-A2A3-35FC05D00F0B}.Release|Any CPU.Build.0 = Release|Any CPU
		{F25C619A-50DC-4A67-9406-F8A2DB07AA22}.Debug|Any CPU.ActiveCfg = Debug|Any CPU
		{F25C619A-50DC-4A67-9406-F8A2DB07AA22}.Debug|Any CPU.Build.0 = Debug|Any CPU
		{F25C619A-50DC-4A67-9406-F8A2DB07AA22}.Release|Any CPU.ActiveCfg = Release|Any CPU
		{F25C619A-50DC-4A67-9406-F8A2DB07AA22}.Release|Any CPU.Build.0 = Release|Any CPU
		{FDCF876C-112F-48E4-A33F-13A4C1AED4BF}.Debug|Any CPU.ActiveCfg = Debug|Any CPU
		{FDCF876C-112F-48E4-A33F-13A4C1AED4BF}.Debug|Any CPU.Build.0 = Debug|Any CPU
		{FDCF876C-112F-48E4-A33F-13A4C1AED4BF}.Release|Any CPU.ActiveCfg = Release|Any CPU
		{FDCF876C-112F-48E4-A33F-13A4C1AED4BF}.Release|Any CPU.Build.0 = Release|Any CPU
		{2C221433-A8A0-3414-58DC-701892FAB3C2}.Debug|Any CPU.ActiveCfg = Debug|Any CPU
		{2C221433-A8A0-3414-58DC-701892FAB3C2}.Debug|Any CPU.Build.0 = Debug|Any CPU
		{2C221433-A8A0-3414-58DC-701892FAB3C2}.Release|Any CPU.ActiveCfg = Release|Any CPU
		{2C221433-A8A0-3414-58DC-701892FAB3C2}.Release|Any CPU.Build.0 = Release|Any CPU
		{E34B41C5-3093-05C2-C945-BCB49AC34E7F}.Debug|Any CPU.ActiveCfg = Debug|Any CPU
		{E34B41C5-3093-05C2-C945-BCB49AC34E7F}.Debug|Any CPU.Build.0 = Debug|Any CPU
		{E34B41C5-3093-05C2-C945-BCB49AC34E7F}.Release|Any CPU.ActiveCfg = Release|Any CPU
		{E34B41C5-3093-05C2-C945-BCB49AC34E7F}.Release|Any CPU.Build.0 = Release|Any CPU
	EndGlobalSection
	GlobalSection(SolutionProperties) = preSolution
		HideSolutionNode = FALSE
	EndGlobalSection
	GlobalSection(NestedProjects) = preSolution
		{2BDBC25C-ADA0-4482-94A3-2B300910185B} = {554985B2-5CA6-49D3-8F07-08080C4EACEA}
		{C4070261-D248-4CA5-A532-6AAA71AACC35} = {37C302AB-8C98-4CC8-828E-0647AF098586}
		{472A561B-EF7F-467E-96ED-1FB130E43292} = {C98B4989-1078-4632-BC7D-9CE52A40B360}
		{F25C619A-50DC-4A67-9406-F8A2DB07AA22} = {554985B2-5CA6-49D3-8F07-08080C4EACEA}
		{2C221433-A8A0-3414-58DC-701892FAB3C2} = {554985B2-5CA6-49D3-8F07-08080C4EACEA}
		{E34B41C5-3093-05C2-C945-BCB49AC34E7F} = {554985B2-5CA6-49D3-8F07-08080C4EACEA}
	EndGlobalSection
	GlobalSection(ExtensibilityGlobals) = postSolution
		SolutionGuid = {E56BCCFA-9A01-455E-ABCF-6C044786FF55}
	EndGlobalSection
EndGlobal
