{
  "version": 4,
  "terraform_version": "1.3.7",
  "serial": 170,
  "lineage": "0c94df11-e536-4932-a625-c2605da38cb3",
  "outputs": {},
  "resources": [
    {
      "mode": "data",
      "type": "azurerm_client_config",
      "name": "current",
      "provider": "provider[\"registry.terraform.io/hashicorp/azurerm\"]",
      "instances": [
        {
          "schema_version": 0,
          "attributes": {
            "client_id": "04b07795-8ddb-461a-bbee-02f9e1bf7b46",
            "id": "Y2xpZW50Q29uZmlncy9jbGllbnRJZD0wNGIwNzc5NS04ZGRiLTQ2MWEtYmJlZS0wMmY5ZTFiZjdiNDY7b2JqZWN0SWQ9ODJmNzE4NDMtMDA2NC00MjM1LWE3OTQtN2Y4ZThlNjBkYmY0O3N1YnNjcmlwdGlvbklkPWU5MDhiZGYxLTIzZmYtNGM0Yy05NDlhLTdhMTNhMjk2ZTM2ZDt0ZW5hbnRJZD01OTM0ZGQxYy04ZDE4LTRkZTUtODY5Ni00NTE2YTU3MDdhNTc=",
            "object_id": "82f71843-0064-4235-a794-7f8e8e60dbf4",
            "subscription_id": "e908bdf1-23ff-4c4c-949a-7a13a296e36d",
            "tenant_id": "5934dd1c-8d18-4de5-8696-4516a5707a57",
            "timeouts": null
          },
          "sensitive_attributes": []
        }
      ]
    },
    {
      "mode": "managed",
      "type": "azurerm_app_configuration",
      "name": "aca-keith",
      "provider": "provider[\"registry.terraform.io/hashicorp/azurerm\"]",
      "instances": [
        {
          "schema_version": 0,
          "attributes": {
            "encryption": [],
            "endpoint": "https://aca-keith.azconfig.io",
            "id": "/subscriptions/e908bdf1-23ff-4c4c-949a-7a13a296e36d/resourceGroups/keith-rg/providers/Microsoft.AppConfiguration/configurationStores/aca-keith",
            "identity": [],
            "local_auth_enabled": true,
            "location": "southcentralus",
            "name": "aca-keith",
            "primary_read_key": [
              {
                "connection_string": "Endpoint=https://aca-keith.azconfig.io;Id=4f13;Secret=UaLdNDwK2VSyPgJNKIVJRbR01rUbdOXOOOM66ZSKJXw=",
                "id": "4f13",
                "secret": "UaLdNDwK2VSyPgJNKIVJRbR01rUbdOXOOOM66ZSKJXw="
              }
            ],
            "primary_write_key": [
              {
                "connection_string": "Endpoint=https://aca-keith.azconfig.io;Id=IP5h;Secret=1Xvl8I0UyH/OyA8zhpQXf8TCjd6pPDIk0Dzzo6ndzhA=",
                "id": "IP5h",
                "secret": "1Xvl8I0UyH/OyA8zhpQXf8TCjd6pPDIk0Dzzo6ndzhA="
              }
            ],
            "public_network_access": "",
            "purge_protection_enabled": false,
            "replica": [],
            "resource_group_name": "keith-rg",
            "secondary_read_key": [
              {
                "connection_string": "Endpoint=https://aca-keith.azconfig.io;Id=TQs2;Secret=+Z7a2yfwEJd4bT7I7syncmYpRgfBa0HBw1I9Exeo9ng=",
                "id": "TQs2",
                "secret": "+Z7a2yfwEJd4bT7I7syncmYpRgfBa0HBw1I9Exeo9ng="
              }
            ],
            "secondary_write_key": [
              {
                "connection_string": "Endpoint=https://aca-keith.azconfig.io;Id=Sm4q;Secret=dUAhAjyKLvwoi/uwdlhYDM8gRVUo9J5PztiEMFhVXUk=",
                "id": "Sm4q",
                "secret": "dUAhAjyKLvwoi/uwdlhYDM8gRVUo9J5PztiEMFhVXUk="
              }
            ],
            "sku": "free",
            "soft_delete_retention_days": 0,
            "tags": {},
            "timeouts": null
          },
          "sensitive_attributes": [],
          "private": "eyJlMmJmYjczMC1lY2FhLTExZTYtOGY4OC0zNDM2M2JjN2M0YzAiOnsiY3JlYXRlIjozNjAwMDAwMDAwMDAwLCJkZWxldGUiOjM2MDAwMDAwMDAwMDAsInJlYWQiOjMwMDAwMDAwMDAwMCwidXBkYXRlIjozNjAwMDAwMDAwMDAwfX0="
        }
      ]
    },
    {
      "mode": "managed",
      "type": "azurerm_app_configuration_key",
      "name": "test-keith",
      "provider": "provider[\"registry.terraform.io/hashicorp/azurerm\"]",
      "instances": [
        {
          "schema_version": 2,
          "attributes": {
            "configuration_store_id": "/subscriptions/e908bdf1-23ff-4c4c-949a-7a13a296e36d/resourceGroups/keith-rg/providers/Microsoft.AppConfiguration/configurationStores/aca-keith",
            "content_type": "",
            "etag": "A9KUesq0Mq5m3FQ66OgcjAGGg5mxa3nN08naiFSW5yo",
            "id": "https://aca-keith.azconfig.io/kv/AllowReflection2?label=somelabel",
            "key": "AllowReflection2",
            "label": "somelabel",
            "locked": false,
            "tags": {
              "owner": "keith"
            },
            "timeouts": null,
            "type": "kv",
            "value": "false",
            "vault_key_reference": ""
          },
          "sensitive_attributes": [],
          "private": "eyJlMmJmYjczMC1lY2FhLTExZTYtOGY4OC0zNDM2M2JjN2M0YzAiOnsiY3JlYXRlIjoyNzAwMDAwMDAwMDAwLCJkZWxldGUiOjE4MDAwMDAwMDAwMDAsInJlYWQiOjMwMDAwMDAwMDAwMCwidXBkYXRlIjoxODAwMDAwMDAwMDAwfSwic2NoZW1hX3ZlcnNpb24iOiIyIn0=",
          "dependencies": [
            "azurerm_app_configuration.aca-keith",
            "azurerm_role_assignment.appconf_dataowner",
            "data.azurerm_client_config.current"
          ]
        }
      ]
    },
    {
      "mode": "managed",
      "type": "azurerm_app_configuration_key",
      "name": "test-keith2",
      "provider": "provider[\"registry.terraform.io/hashicorp/azurerm\"]",
      "instances": [
        {
          "schema_version": 2,
          "attributes": {
            "configuration_store_id": "/subscriptions/e908bdf1-23ff-4c4c-949a-7a13a296e36d/resourceGroups/keith-rg/providers/Microsoft.AppConfiguration/configurationStores/aca-keith",
            "content_type": "application/vnd.microsoft.appconfig.keyvaultref+json;charset=utf-8",
            "etag": "xU0i2tkog2_2C1uaTbmRxlA6K0lPk03xUPOKCeli4gs",
            "id": "https://aca-keith.azconfig.io/kv/AllowReflection?label=somelabel",
            "key": "AllowReflection",
            "label": "somelabel",
            "locked": false,
            "tags": {
              "owner": "keith"
            },
            "timeouts": null,
            "type": "vault",
            "value": "{\"uri\":\"https://keith-linkvault.vault.azure.net/secrets/secret-sauce\"}",
            "vault_key_reference": "https://keith-linkvault.vault.azure.net/secrets/secret-sauce"
          },
          "sensitive_attributes": [],
          "private": "eyJlMmJmYjczMC1lY2FhLTExZTYtOGY4OC0zNDM2M2JjN2M0YzAiOnsiY3JlYXRlIjoyNzAwMDAwMDAwMDAwLCJkZWxldGUiOjE4MDAwMDAwMDAwMDAsInJlYWQiOjMwMDAwMDAwMDAwMCwidXBkYXRlIjoxODAwMDAwMDAwMDAwfSwic2NoZW1hX3ZlcnNpb24iOiIyIn0=",
          "dependencies": [
            "azurerm_app_configuration.aca-keith",
            "azurerm_key_vault.keith-LinkVault",
            "azurerm_key_vault_secret.keith-secret",
            "azurerm_role_assignment.appconf_dataowner",
            "data.azurerm_client_config.current"
          ]
        }
      ]
    },
    {
      "mode": "managed",
      "type": "azurerm_app_configuration_key",
      "name": "test-keith3",
      "provider": "provider[\"registry.terraform.io/hashicorp/azurerm\"]",
      "instances": [
        {
          "schema_version": 2,
          "attributes": {
            "configuration_store_id": "/subscriptions/e908bdf1-23ff-4c4c-949a-7a13a296e36d/resourceGroups/keith-rg/providers/Microsoft.AppConfiguration/configurationStores/aca-keith",
            "content_type": "application/json",
            "etag": "JEFBNHgwhk1UE_LmqYUuCmUFBM9svgnNM3rU00PGq4E",
            "id": "https://aca-keith.azconfig.io/kv/AllowReflection3?label=somelabel",
            "key": "AllowReflection3",
            "label": "somelabel",
            "locked": false,
            "tags": {},
            "timeouts": null,
            "type": "kv",
            "value": "{\r\n    \"IncludeTestMessage\": true,\r\n    \"TestMessage\": \"[!** This is a TEST notification, please disregard **!]\",\r\n    \"SubjectTestMessage\": \"[!** TEST Notification - ACA **!]\",\r\n    \"Email\": true\r\n}",
            "vault_key_reference": ""
          },
          "sensitive_attributes": [],
          "private": "eyJlMmJmYjczMC1lY2FhLTExZTYtOGY4OC0zNDM2M2JjN2M0YzAiOnsiY3JlYXRlIjoyNzAwMDAwMDAwMDAwLCJkZWxldGUiOjE4MDAwMDAwMDAwMDAsInJlYWQiOjMwMDAwMDAwMDAwMCwidXBkYXRlIjoxODAwMDAwMDAwMDAwfSwic2NoZW1hX3ZlcnNpb24iOiIyIn0=",
          "dependencies": [
            "azurerm_app_configuration.aca-keith",
            "azurerm_role_assignment.appconf_dataowner",
            "data.azurerm_client_config.current"
          ]
        }
      ]
    },
    {
      "mode": "managed",
      "type": "azurerm_container_app",
      "name": "keith-container",
      "provider": "provider[\"registry.terraform.io/hashicorp/azurerm\"]",
      "instances": [
        {
          "schema_version": 0,
          "attributes": {
            "container_app_environment_id": "/subscriptions/e908bdf1-23ff-4c4c-949a-7a13a296e36d/resourceGroups/keith-rg/providers/Microsoft.App/managedEnvironments/keith-apps",
            "custom_domain_verification_id": "8F92B1C5DCD78640776B0AB5DE028455AC7A01F0C10241F2719B5A3A39F71527",
            "dapr": [],
            "id": "/subscriptions/e908bdf1-23ff-4c4c-949a-7a13a296e36d/resourceGroups/keith-rg/providers/Microsoft.App/containerApps/keith-container",
            "identity": [],
            "ingress": [],
            "latest_revision_fqdn": "",
            "latest_revision_name": "keith-container--gtzpaz3",
            "location": "southcentralus",
            "name": "keith-container",
            "outbound_ip_addresses": [
              "172.202.162.145"
            ],
            "registry": [],
            "resource_group_name": "keith-rg",
            "revision_mode": "Single",
            "secret": [
              {
                "name": "aca-config-connection-string",
                "value": "Endpoint=https://aca-configs.azconfig.io;Id=mGk+;Secret=bTWKGNSy5txGU9xuR3IWlvoB2be1XqDFGUFrNLe0VxQ="
              }
            ],
            "tags": {},
            "template": [
              {
                "azure_queue_scale_rule": [],
                "container": [
                  {
                    "args": [],
                    "command": [],
                    "cpu": 0.25,
                    "env": [
                      {
                        "name": "Link__Audit__ExternalConfigurationSource",
                        "secret_name": "",
                        "value": "AzureAppConfiguration"
                      },
                      {
                        "name": "ConnectionStrings__AzureAppConfiguration",
                        "secret_name": "aca-config-connection-string",
                        "value": ""
                      }
                    ],
                    "ephemeral_storage": "1Gi",
                    "image": "lantanagroup/link-api:latest",
                    "liveness_probe": [],
                    "memory": "0.5Gi",
                    "name": "examplecontainerapp",
                    "readiness_probe": [],
                    "startup_probe": [],
                    "volume_mounts": []
                  }
                ],
                "custom_scale_rule": [],
                "http_scale_rule": [],
                "init_container": [],
                "max_replicas": 10,
                "min_replicas": 0,
                "revision_suffix": "",
                "tcp_scale_rule": [],
                "volume": []
              }
            ],
            "timeouts": null,
            "workload_profile_name": ""
          },
          "sensitive_attributes": [],
          "private": "eyJlMmJmYjczMC1lY2FhLTExZTYtOGY4OC0zNDM2M2JjN2M0YzAiOnsiY3JlYXRlIjoxODAwMDAwMDAwMDAwLCJkZWxldGUiOjE4MDAwMDAwMDAwMDAsInJlYWQiOjMwMDAwMDAwMDAwMCwidXBkYXRlIjoxODAwMDAwMDAwMDAwfX0=",
          "dependencies": [
            "azurerm_container_app_environment.keith-apps"
          ]
        }
      ]
    },
    {
      "mode": "managed",
      "type": "azurerm_container_app_environment",
      "name": "keith-apps",
      "provider": "provider[\"registry.terraform.io/hashicorp/azurerm\"]",
      "instances": [
        {
          "schema_version": 0,
          "attributes": {
            "dapr_application_insights_connection_string": "",
            "default_domain": "braveground-47915465.southcentralus.azurecontainerapps.io",
            "docker_bridge_cidr": "",
            "id": "/subscriptions/e908bdf1-23ff-4c4c-949a-7a13a296e36d/resourceGroups/keith-rg/providers/Microsoft.App/managedEnvironments/keith-apps",
            "infrastructure_resource_group_name": "",
            "infrastructure_subnet_id": "",
            "internal_load_balancer_enabled": false,
            "location": "southcentralus",
            "log_analytics_workspace_id": "/subscriptions/e908bdf1-23ff-4c4c-949a-7a13a296e36d/resourceGroups/keith-rg/providers/Microsoft.OperationalInsights/workspaces/link-log-analytics",
            "name": "keith-apps",
            "platform_reserved_cidr": "",
            "platform_reserved_dns_ip_address": "",
            "resource_group_name": "keith-rg",
            "static_ip_address": "172.202.153.81",
            "tags": {},
            "timeouts": null,
            "workload_profile": [],
            "zone_redundancy_enabled": false
          },
          "sensitive_attributes": [],
          "private": "eyJlMmJmYjczMC1lY2FhLTExZTYtOGY4OC0zNDM2M2JjN2M0YzAiOnsiY3JlYXRlIjoxODAwMDAwMDAwMDAwLCJkZWxldGUiOjE4MDAwMDAwMDAwMDAsInJlYWQiOjMwMDAwMDAwMDAwMCwidXBkYXRlIjoxODAwMDAwMDAwMDAwfX0=",
          "dependencies": [
            "azurerm_log_analytics_workspace.link-log-analytics",
            "azurerm_resource_group.keith-rg"
          ]
        }
      ]
    },
    {
      "mode": "managed",
      "type": "azurerm_key_vault",
      "name": "keith-LinkVault",
      "provider": "provider[\"registry.terraform.io/hashicorp/azurerm\"]",
      "instances": [
        {
          "schema_version": 2,
          "attributes": {
            "access_policy": [
              {
                "application_id": "",
                "certificate_permissions": [],
                "key_permissions": [
                  "Get",
                  "List",
                  "Create"
                ],
                "object_id": "82f71843-0064-4235-a794-7f8e8e60dbf4",
                "secret_permissions": [
                  "Get",
                  "List",
                  "Set"
                ],
                "storage_permissions": [
                  "Get",
                  "List",
                  "Set"
                ],
                "tenant_id": "5934dd1c-8d18-4de5-8696-4516a5707a57"
              }
            ],
            "contact": [],
            "enable_rbac_authorization": false,
            "enabled_for_deployment": false,
            "enabled_for_disk_encryption": true,
            "enabled_for_template_deployment": false,
            "id": "/subscriptions/e908bdf1-23ff-4c4c-949a-7a13a296e36d/resourceGroups/keith-rg/providers/Microsoft.KeyVault/vaults/keith-LinkVault",
            "location": "southcentralus",
            "name": "keith-LinkVault",
            "network_acls": [
              {
                "bypass": "AzureServices",
                "default_action": "Allow",
                "ip_rules": [],
                "virtual_network_subnet_ids": []
              }
            ],
            "public_network_access_enabled": true,
            "purge_protection_enabled": false,
            "resource_group_name": "keith-rg",
            "sku_name": "standard",
            "soft_delete_retention_days": 7,
            "tags": {
              "environment": "dev"
            },
            "tenant_id": "5934dd1c-8d18-4de5-8696-4516a5707a57",
            "timeouts": null,
            "vault_uri": "https://keith-linkvault.vault.azure.net/"
          },
          "sensitive_attributes": [],
          "private": "eyJlMmJmYjczMC1lY2FhLTExZTYtOGY4OC0zNDM2M2JjN2M0YzAiOnsiY3JlYXRlIjoxODAwMDAwMDAwMDAwLCJkZWxldGUiOjE4MDAwMDAwMDAwMDAsInJlYWQiOjMwMDAwMDAwMDAwMCwidXBkYXRlIjoxODAwMDAwMDAwMDAwfSwic2NoZW1hX3ZlcnNpb24iOiIyIn0=",
          "dependencies": [
            "data.azurerm_client_config.current"
          ]
        }
      ]
    },
    {
      "mode": "managed",
      "type": "azurerm_key_vault_secret",
      "name": "keith-secret",
      "provider": "provider[\"registry.terraform.io/hashicorp/azurerm\"]",
      "instances": [
        {
          "schema_version": 0,
          "attributes": {
            "content_type": "",
            "expiration_date": null,
            "id": "https://keith-linkvault.vault.azure.net/secrets/secret-sauce/9a02ca72c4074e90a9631cba5a646150",
            "key_vault_id": "/subscriptions/e908bdf1-23ff-4c4c-949a-7a13a296e36d/resourceGroups/keith-rg/providers/Microsoft.KeyVault/vaults/keith-LinkVault",
            "name": "secret-sauce",
            "not_before_date": null,
            "resource_id": "/subscriptions/e908bdf1-23ff-4c4c-949a-7a13a296e36d/resourceGroups/keith-rg/providers/Microsoft.KeyVault/vaults/keith-LinkVault/secrets/secret-sauce/versions/9a02ca72c4074e90a9631cba5a646150",
            "resource_versionless_id": "/subscriptions/e908bdf1-23ff-4c4c-949a-7a13a296e36d/resourceGroups/keith-rg/providers/Microsoft.KeyVault/vaults/keith-LinkVault/secrets/secret-sauce",
            "tags": {},
            "timeouts": null,
            "value": "szechuan",
            "version": "9a02ca72c4074e90a9631cba5a646150",
            "versionless_id": "https://keith-linkvault.vault.azure.net/secrets/secret-sauce"
          },
          "sensitive_attributes": [],
          "private": "eyJlMmJmYjczMC1lY2FhLTExZTYtOGY4OC0zNDM2M2JjN2M0YzAiOnsiY3JlYXRlIjoxODAwMDAwMDAwMDAwLCJkZWxldGUiOjE4MDAwMDAwMDAwMDAsInJlYWQiOjE4MDAwMDAwMDAwMDAsInVwZGF0ZSI6MTgwMDAwMDAwMDAwMH19",
          "dependencies": [
            "azurerm_key_vault.keith-LinkVault",
            "data.azurerm_client_config.current"
          ]
        }
      ]
    },
    {
      "mode": "managed",
      "type": "azurerm_log_analytics_workspace",
      "name": "link-log-analytics",
      "provider": "provider[\"registry.terraform.io/hashicorp/azurerm\"]",
      "instances": [
        {
          "schema_version": 3,
          "attributes": {
            "allow_resource_only_permissions": true,
            "cmk_for_query_forced": false,
            "daily_quota_gb": -1,
            "data_collection_rule_id": "",
            "id": "/subscriptions/e908bdf1-23ff-4c4c-949a-7a13a296e36d/resourceGroups/keith-rg/providers/Microsoft.OperationalInsights/workspaces/link-log-analytics",
            "identity": [],
            "immediate_data_purge_on_30_days_enabled": false,
            "internet_ingestion_enabled": true,
            "internet_query_enabled": true,
            "local_authentication_disabled": false,
            "location": "southcentralus",
            "name": "link-log-analytics",
            "primary_shared_key": "NSz6V/nvc1kIoyC1vOu1IiUY8z8sh4/sEsDNt2J+h8aH+KbZicgQRof+jcTwmfxA9rtQb34fOAEOS+TScbh+7g==",
            "reservation_capacity_in_gb_per_day": null,
            "resource_group_name": "keith-rg",
            "retention_in_days": 30,
            "secondary_shared_key": "acholbUvBiqz7JkcTioiANNxwPrGDA2uhv1qFjh3eiv6qiW1rj4sAcTgfgv0W47t3SgoqOxSt+sEcBFwvNQQaA==",
            "sku": "PerGB2018",
            "tags": {},
            "timeouts": null,
            "workspace_id": "e21b47b0-69f2-4313-88f9-c03bd113381a"
          },
          "sensitive_attributes": [],
          "private": "eyJlMmJmYjczMC1lY2FhLTExZTYtOGY4OC0zNDM2M2JjN2M0YzAiOnsiY3JlYXRlIjoxODAwMDAwMDAwMDAwLCJkZWxldGUiOjE4MDAwMDAwMDAwMDAsInJlYWQiOjMwMDAwMDAwMDAwMCwidXBkYXRlIjoxODAwMDAwMDAwMDAwfSwic2NoZW1hX3ZlcnNpb24iOiIzIn0=",
          "dependencies": [
            "azurerm_resource_group.keith-rg"
          ]
        }
      ]
    },
    {
      "mode": "managed",
      "type": "azurerm_resource_group",
      "name": "keith-rg",
      "provider": "provider[\"registry.terraform.io/hashicorp/azurerm\"]",
      "instances": [
        {
          "schema_version": 0,
          "attributes": {
            "id": "/subscriptions/e908bdf1-23ff-4c4c-949a-7a13a296e36d/resourceGroups/keith-rg",
            "location": "southcentralus",
            "managed_by": "",
            "name": "keith-rg",
            "tags": {
              "environment": "dev"
            },
            "timeouts": null
          },
          "sensitive_attributes": [],
          "private": "eyJlMmJmYjczMC1lY2FhLTExZTYtOGY4OC0zNDM2M2JjN2M0YzAiOnsiY3JlYXRlIjo1NDAwMDAwMDAwMDAwLCJkZWxldGUiOjU0MDAwMDAwMDAwMDAsInJlYWQiOjMwMDAwMDAwMDAwMCwidXBkYXRlIjo1NDAwMDAwMDAwMDAwfX0="
        }
      ]
    },
    {
      "mode": "managed",
      "type": "azurerm_role_assignment",
      "name": "appconf_dataowner",
      "provider": "provider[\"registry.terraform.io/hashicorp/azurerm\"]",
      "instances": [
        {
          "schema_version": 0,
          "attributes": {
            "condition": "",
            "condition_version": "",
            "delegated_managed_identity_resource_id": "",
            "description": "",
            "id": "/subscriptions/e908bdf1-23ff-4c4c-949a-7a13a296e36d/resourceGroups/keith-rg/providers/Microsoft.AppConfiguration/configurationStores/aca-keith/providers/Microsoft.Authorization/roleAssignments/4be499df-d7bf-97fd-c233-ea98edc719be",
            "name": "4be499df-d7bf-97fd-c233-ea98edc719be",
            "principal_id": "82f71843-0064-4235-a794-7f8e8e60dbf4",
            "principal_type": "User",
            "role_definition_id": "/subscriptions/e908bdf1-23ff-4c4c-949a-7a13a296e36d/providers/Microsoft.Authorization/roleDefinitions/5ae67dd6-50cb-40e7-96ff-dc2bfa4b606b",
            "role_definition_name": "App Configuration Data Owner",
            "scope": "/subscriptions/e908bdf1-23ff-4c4c-949a-7a13a296e36d/resourceGroups/keith-rg/providers/Microsoft.AppConfiguration/configurationStores/aca-keith",
            "skip_service_principal_aad_check": null,
            "timeouts": null
          },
          "sensitive_attributes": [],
          "private": "eyJlMmJmYjczMC1lY2FhLTExZTYtOGY4OC0zNDM2M2JjN2M0YzAiOnsiY3JlYXRlIjoxODAwMDAwMDAwMDAwLCJkZWxldGUiOjE4MDAwMDAwMDAwMDAsInJlYWQiOjMwMDAwMDAwMDAwMH19",
          "dependencies": [
            "azurerm_app_configuration.aca-keith",
            "data.azurerm_client_config.current"
          ]
        }
      ]
    }
  ],
  "check_results": null
}
